
Microsoft Visual Studio Solution File, Format Version 10.00
# Visual Studio 2008
Project("{FAE04EC0-301F-11D3-BF4B-00C04F79EFBC}") = "SingleEntryWM", "SingleEntryWM.csproj", "{238DD467-9754-417D-A5B3-9C66DFC1265B}"
EndProject
Global
	GlobalSection(SolutionConfigurationPlatforms) = preSolution
		Debug|Any CPU = Debug|Any CPU
		Release|Any CPU = Release|Any CPU
	EndGlobalSection
	GlobalSection(ProjectConfigurationPlatforms) = postSolution
		{238DD467-9754-417D-A5B3-9C66DFC1265B}.Debug|Any CPU.ActiveCfg = Debug|Any CPU
		{238DD467-9754-417D-A5B3-9C66DFC1265B}.Debug|Any CPU.Build.0 = Debug|Any CPU
		{238DD467-9754-417D-A5B3-9C66DFC1265B}.Debug|Any CPU.Deploy.0 = Debug|Any CPU
		{238DD467-9754-417D-A5B3-9C66DFC1265B}.Release|Any CPU.ActiveCfg = Release|Any CPU
		{238DD467-9754-417D-A5B3-9C66DFC1265B}.Release|Any CPU.Build.0 = Release|Any CPU
		{238DD467-9754-417D-A5B3-9C66DFC1265B}.Release|Any CPU.Deploy.0 = Release|Any CPU
	EndGlobalSection
	GlobalSection(SolutionProperties) = preSolution
		HideSolutionNode = FALSE
	EndGlobalSection
EndGlobal
